// !$*UTF8*$!
{
	archiveVersion = 1;
	classes = {
	};
	objectVersion = 46;
	objects = {

/* Begin PBXBuildFile section */
		583807CA1BA7780A00E4939B /* AppDelegate.swift in Sources */ = {isa = PBXBuildFile; fileRef = 583807C91BA7780A00E4939B /* AppDelegate.swift */; };
		583807CC1BA7780A00E4939B /* ViewController.swift in Sources */ = {isa = PBXBuildFile; fileRef = 583807CB1BA7780A00E4939B /* ViewController.swift */; };
		583807CF1BA7780A00E4939B /* Main.storyboard in Resources */ = {isa = PBXBuildFile; fileRef = 583807CD1BA7780A00E4939B /* Main.storyboard */; };
		583807D11BA7780A00E4939B /* Assets.xcassets in Resources */ = {isa = PBXBuildFile; fileRef = 583807D01BA7780A00E4939B /* Assets.xcassets */; };
		583807D41BA7780A00E4939B /* LaunchScreen.storyboard in Resources */ = {isa = PBXBuildFile; fileRef = 583807D21BA7780A00E4939B /* LaunchScreen.storyboard */; };
		583807DF1BA7780A00E4939B /* imaginaryAnimalsListerTests.swift in Sources */ = {isa = PBXBuildFile; fileRef = 583807DE1BA7780A00E4939B /* imaginaryAnimalsListerTests.swift */; };
		583807EA1BA7796E00E4939B /* TableViewController.swift in Sources */ = {isa = PBXBuildFile; fileRef = 583807E91BA7796E00E4939B /* TableViewController.swift */; };
		583807EC1BA7804800E4939B /* imaginaryAnimal.swift in Sources */ = {isa = PBXBuildFile; fileRef = 583807EB1BA7804800E4939B /* imaginaryAnimal.swift */; };
		583807EE1BA7883100E4939B /* AnimalsLoader.swift in Sources */ = {isa = PBXBuildFile; fileRef = 583807ED1BA7883100E4939B /* AnimalsLoader.swift */; };
		583807F01BA78B7000E4939B /* DetailViewController.swift in Sources */ = {isa = PBXBuildFile; fileRef = 583807EF1BA78B7000E4939B /* DetailViewController.swift */; };
		D2D068D91BA88DDD00FB3996 /* Animals.json in Resources */ = {isa = PBXBuildFile; fileRef = D2D068D81BA88DDD00FB3996 /* Animals.json */; };
/* End PBXBuildFile section */

/* Begin PBXContainerItemProxy section */
		583807DB1BA7780A00E4939B /* PBXContainerItemProxy */ = {
			isa = PBXContainerItemProxy;
			containerPortal = 583807BE1BA7780A00E4939B /* Project object */;
			proxyType = 1;
			remoteGlobalIDString = 583807C51BA7780A00E4939B;
			remoteInfo = imaginaryAnimalsLister;
		};
/* End PBXContainerItemProxy section */

/* Begin PBXFileReference section */
		583807C61BA7780A00E4939B /* imaginaryAnimalsLister.app */ = {isa = PBXFileReference; explicitFileType = wrapper.application; includeInIndex = 0; path = imaginaryAnimalsLister.app; sourceTree = BUILT_PRODUCTS_DIR; };
		583807C91BA7780A00E4939B /* AppDelegate.swift */ = {isa = PBXFileReference; lastKnownFileType = sourcecode.swift; path = AppDelegate.swift; sourceTree = "<group>"; };
		583807CB1BA7780A00E4939B /* ViewController.swift */ = {isa = PBXFileReference; lastKnownFileType = sourcecode.swift; path = ViewController.swift; sourceTree = "<group>"; };
		583807CE1BA7780A00E4939B /* Base */ = {isa = PBXFileReference; lastKnownFileType = file.storyboard; name = Base; path = Base.lproj/Main.storyboard; sourceTree = "<group>"; };
		583807D01BA7780A00E4939B /* Assets.xcassets */ = {isa = PBXFileReference; lastKnownFileType = folder.assetcatalog; path = Assets.xcassets; sourceTree = "<group>"; };
		583807D31BA7780A00E4939B /* Base */ = {isa = PBXFileReference; lastKnownFileType = file.storyboard; name = Base; path = Base.lproj/LaunchScreen.storyboard; sourceTree = "<group>"; };
		583807D51BA7780A00E4939B /* Info.plist */ = {isa = PBXFileReference; lastKnownFileType = text.plist.xml; path = Info.plist; sourceTree = "<group>"; };
		583807DA1BA7780A00E4939B /* imaginaryAnimalsListerTests.xctest */ = {isa = PBXFileReference; explicitFileType = wrapper.cfbundle; includeInIndex = 0; path = imaginaryAnimalsListerTests.xctest; sourceTree = BUILT_PRODUCTS_DIR; };
		583807DE1BA7780A00E4939B /* imaginaryAnimalsListerTests.swift */ = {isa = PBXFileReference; lastKnownFileType = sourcecode.swift; path = imaginaryAnimalsListerTests.swift; sourceTree = "<group>"; };
		583807E01BA7780A00E4939B /* Info.plist */ = {isa = PBXFileReference; lastKnownFileType = text.plist.xml; path = Info.plist; sourceTree = "<group>"; };
		583807E91BA7796E00E4939B /* TableViewController.swift */ = {isa = PBXFileReference; fileEncoding = 4; lastKnownFileType = sourcecode.swift; path = TableViewController.swift; sourceTree = "<group>"; };
		583807EB1BA7804800E4939B /* imaginaryAnimal.swift */ = {isa = PBXFileReference; fileEncoding = 4; lastKnownFileType = sourcecode.swift; path = imaginaryAnimal.swift; sourceTree = "<group>"; };
		583807ED1BA7883100E4939B /* AnimalsLoader.swift */ = {isa = PBXFileReference; fileEncoding = 4; lastKnownFileType = sourcecode.swift; path = AnimalsLoader.swift; sourceTree = "<group>"; };
		583807EF1BA78B7000E4939B /* DetailViewController.swift */ = {isa = PBXFileReference; fileEncoding = 4; lastKnownFileType = sourcecode.swift; path = DetailViewController.swift; sourceTree = "<group>"; };
		D2D068D81BA88DDD00FB3996 /* Animals.json */ = {isa = PBXFileReference; fileEncoding = 4; lastKnownFileType = text.json; path = Animals.json; sourceTree = "<group>"; };
/* End PBXFileReference section */

/* Begin PBXFrameworksBuildPhase section */
		583807C31BA7780A00E4939B /* Frameworks */ = {
			isa = PBXFrameworksBuildPhase;
			buildActionMask = 2147483647;
			files = (
			);
			runOnlyForDeploymentPostprocessing = 0;
		};
		583807D71BA7780A00E4939B /* Frameworks */ = {
			isa = PBXFrameworksBuildPhase;
			buildActionMask = 2147483647;
			files = (
			);
			runOnlyForDeploymentPostprocessing = 0;
		};
/* End PBXFrameworksBuildPhase section */

/* Begin PBXGroup section */
		583807BD1BA7780A00E4939B = {
			isa = PBXGroup;
			children = (
				583807C81BA7780A00E4939B /* imaginaryAnimalsLister */,
				583807DD1BA7780A00E4939B /* imaginaryAnimalsListerTests */,
				583807C71BA7780A00E4939B /* Products */,
			);
			sourceTree = "<group>";
		};
		583807C71BA7780A00E4939B /* Products */ = {
			isa = PBXGroup;
			children = (
				583807C61BA7780A00E4939B /* imaginaryAnimalsLister.app */,
				583807DA1BA7780A00E4939B /* imaginaryAnimalsListerTests.xctest */,
			);
			name = Products;
			sourceTree = "<group>";
		};
		583807C81BA7780A00E4939B /* imaginaryAnimalsLister */ = {
			isa = PBXGroup;
			children = (
				583807C91BA7780A00E4939B /* AppDelegate.swift */,
				583807CB1BA7780A00E4939B /* ViewController.swift */,
				583807CD1BA7780A00E4939B /* Main.storyboard */,
				D2D068D81BA88DDD00FB3996 /* Animals.json */,
				583807EB1BA7804800E4939B /* imaginaryAnimal.swift */,
				583807E91BA7796E00E4939B /* TableViewController.swift */,
				583807D01BA7780A00E4939B /* Assets.xcassets */,
				583807D21BA7780A00E4939B /* LaunchScreen.storyboard */,
				583807D51BA7780A00E4939B /* Info.plist */,
				583807ED1BA7883100E4939B /* AnimalsLoader.swift */,
				583807EF1BA78B7000E4939B /* DetailViewController.swift */,
			);
			path = imaginaryAnimalsLister;
			sourceTree = "<group>";
		};
		583807DD1BA7780A00E4939B /* imaginaryAnimalsListerTests */ = {
			isa = PBXGroup;
			children = (
				583807DE1BA7780A00E4939B /* imaginaryAnimalsListerTests.swift */,
				583807E01BA7780A00E4939B /* Info.plist */,
			);
			path = imaginaryAnimalsListerTests;
			sourceTree = "<group>";
		};
/* End PBXGroup section */

/* Begin PBXNativeTarget section */
		583807C51BA7780A00E4939B /* imaginaryAnimalsLister */ = {
			isa = PBXNativeTarget;
			buildConfigurationList = 583807E31BA7780A00E4939B /* Build configuration list for PBXNativeTarget "imaginaryAnimalsLister" */;
			buildPhases = (
				583807C21BA7780A00E4939B /* Sources */,
				583807C31BA7780A00E4939B /* Frameworks */,
				583807C41BA7780A00E4939B /* Resources */,
			);
			buildRules = (
			);
			dependencies = (
			);
			name = imaginaryAnimalsLister;
			productName = imaginaryAnimalsLister;
			productReference = 583807C61BA7780A00E4939B /* imaginaryAnimalsLister.app */;
			productType = "com.apple.product-type.application";
		};
		583807D91BA7780A00E4939B /* imaginaryAnimalsListerTests */ = {
			isa = PBXNativeTarget;
			buildConfigurationList = 583807E61BA7780A00E4939B /* Build configuration list for PBXNativeTarget "imaginaryAnimalsListerTests" */;
			buildPhases = (
				583807D61BA7780A00E4939B /* Sources */,
				583807D71BA7780A00E4939B /* Frameworks */,
				583807D81BA7780A00E4939B /* Resources */,
			);
			buildRules = (
			);
			dependencies = (
				583807DC1BA7780A00E4939B /* PBXTargetDependency */,
			);
			name = imaginaryAnimalsListerTests;
			productName = imaginaryAnimalsListerTests;
			productReference = 583807DA1BA7780A00E4939B /* imaginaryAnimalsListerTests.xctest */;
			productType = "com.apple.product-type.bundle.unit-test";
		};
/* End PBXNativeTarget section */

/* Begin PBXProject section */
		583807BE1BA7780A00E4939B /* Project object */ = {
			isa = PBXProject;
			attributes = {
				LastSwiftUpdateCheck = 0710;
				LastUpgradeCheck = 0700;
				ORGANIZATIONNAME = "Yu, Leo";
				TargetAttributes = {
					583807C51BA7780A00E4939B = {
						CreatedOnToolsVersion = 7.0;
					};
					583807D91BA7780A00E4939B = {
						CreatedOnToolsVersion = 7.0;
						TestTargetID = 583807C51BA7780A00E4939B;
					};
				};
			};
			buildConfigurationList = 583807C11BA7780A00E4939B /* Build configuration list for PBXProject "imaginaryAnimalsLister" */;
			compatibilityVersion = "Xcode 3.2";
			developmentRegion = English;
			hasScannedForEncodings = 0;
			knownRegions = (
				en,
				Base,
			);
			mainGroup = 583807BD1BA7780A00E4939B;
			productRefGroup = 583807C71BA7780A00E4939B /* Products */;
			projectDirPath = "";
			projectRoot = "";
			targets = (
				583807C51BA7780A00E4939B /* imaginaryAnimalsLister */,
				583807D91BA7780A00E4939B /* imaginaryAnimalsListerTests */,
			);
		};
/* End PBXProject section */

/* Begin PBXResourcesBuildPhase section */
		583807C41BA7780A00E4939B /* Resources */ = {
			isa = PBXResourcesBuildPhase;
			buildActionMask = 2147483647;
			files = (
				583807D41BA7780A00E4939B /* LaunchScreen.storyboard in Resources */,
				D2D068D91BA88DDD00FB3996 /* Animals.json in Resources */,
				583807D11BA7780A00E4939B /* Assets.xcassets in Resources */,
				583807CF1BA7780A00E4939B /* Main.storyboard in Resources */,
			);
			runOnlyForDeploymentPostprocessing = 0;
		};
		583807D81BA7780A00E4939B /* Resources */ = {
			isa = PBXResourcesBuildPhase;
			buildActionMask = 2147483647;
			files = (
			);
			runOnlyForDeploymentPostprocessing = 0;
		};
/* End PBXResourcesBuildPhase section */

/* Begin PBXSourcesBuildPhase section */
		583807C21BA7780A00E4939B /* Sources */ = {
			isa = PBXSourcesBuildPhase;
			buildActionMask = 2147483647;
			files = (
				583807EE1BA7883100E4939B /* AnimalsLoader.swift in Sources */,
				583807CC1BA7780A00E4939B /* ViewController.swift in Sources */,
				583807EA1BA7796E00E4939B /* TableViewController.swift in Sources */,
				583807F01BA78B7000E4939B /* DetailViewController.swift in Sources */,
				583807CA1BA7780A00E4939B /* AppDelegate.swift in Sources */,
				583807EC1BA7804800E4939B /* imaginaryAnimal.swift in Sources */,
			);
			runOnlyForDeploymentPostprocessing = 0;
		};
		583807D61BA7780A00E4939B /* Sources */ = {
			isa = PBXSourcesBuildPhase;
			buildActionMask = 2147483647;
			files = (
				583807DF1BA7780A00E4939B /* imaginaryAnimalsListerTests.swift in Sources */,
			);
			runOnlyForDeploymentPostprocessing = 0;
		};
/* End PBXSourcesBuildPhase section */

/* Begin PBXTargetDependency section */
		583807DC1BA7780A00E4939B /* PBXTargetDependency */ = {
			isa = PBXTargetDependency;
			target = 583807C51BA7780A00E4939B /* imaginaryAnimalsLister */;
			targetProxy = 583807DB1BA7780A00E4939B /* PBXContainerItemProxy */;
		};
/* End PBXTargetDependency section */

/* Begin PBXVariantGroup section */
		583807CD1BA7780A00E4939B /* Main.storyboard */ = {
			isa = PBXVariantGroup;
			children = (
				583807CE1BA7780A00E4939B /* Base */,
			);
			name = Main.storyboard;
			sourceTree = "<group>";
		};
		583807D21BA7780A00E4939B /* LaunchScreen.storyboard */ = {
			isa = PBXVariantGroup;
			children = (
				583807D31BA7780A00E4939B /* Base */,
			);
			name = LaunchScreen.storyboard;
			sourceTree = "<group>";
		};
/* End PBXVariantGroup section */

/* Begin XCBuildConfiguration section */
		583807E11BA7780A00E4939B /* Debug */ = {
			isa = XCBuildConfiguration;
			buildSettings = {
				ALWAYS_SEARCH_USER_PATHS = NO;
				CLANG_CXX_LANGUAGE_STANDARD = "gnu++0x";
				CLANG_CXX_LIBRARY = "libc++";
				CLANG_ENABLE_MODULES = YES;
				CLANG_ENABLE_OBJC_ARC = YES;
				CLANG_WARN_BOOL_CONVERSION = YES;
				CLANG_WARN_CONSTANT_CONVERSION = YES;
				CLANG_WARN_DIRECT_OBJC_ISA_USAGE = YES_ERROR;
				CLANG_WARN_EMPTY_BODY = YES;
				CLANG_WARN_ENUM_CONVERSION = YES;
				CLANG_WARN_INT_CONVERSION = YES;
				CLANG_WARN_OBJC_ROOT_CLASS = YES_ERROR;
				CLANG_WARN_UNREACHABLE_CODE = YES;
				CLANG_WARN__DUPLICATE_METHOD_MATCH = YES;
				"CODE_SIGN_IDENTITY[sdk=iphoneos*]" = "iPhone Developer";
				COPY_PHASE_STRIP = NO;
				DEBUG_INFORMATION_FORMAT = dwarf;
				ENABLE_STRICT_OBJC_MSGSEND = YES;
				ENABLE_TESTABILITY = YES;
				GCC_C_LANGUAGE_STANDARD = gnu99;
				GCC_DYNAMIC_NO_PIC = NO;
				GCC_NO_COMMON_BLOCKS = YES;
				GCC_OPTIMIZATION_LEVEL = 0;
				GCC_PREPROCESSOR_DEFINITIONS = (
					"DEBUG=1",
					"$(inherited)",
				);
				GCC_WARN_64_TO_32_BIT_CONVERSION = YES;
				GCC_WARN_ABOUT_RETURN_TYPE = YES_ERROR;
				GCC_WARN_UNDECLARED_SELECTOR = YES;
				GCC_WARN_UNINITIALIZED_AUTOS = YES_AGGRESSIVE;
				GCC_WARN_UNUSED_FUNCTION = YES;
				GCC_WARN_UNUSED_VARIABLE = YES;
				IPHONEOS_DEPLOYMENT_TARGET = 9.0;
				MTL_ENABLE_DEBUG_INFO = YES;
				ONLY_ACTIVE_ARCH = YES;
				SDKROOT = iphoneos;
				SWIFT_OPTIMIZATION_LEVEL = "-Onone";
			};
			name = Debug;
		};
		583807E21BA7780A00E4939B /* Release */ = {
			isa = XCBuildConfiguration;
			buildSettings = {
				ALWAYS_SEARCH_USER_PATHS = NO;
				CLANG_CXX_LANGUAGE_STANDARD = "gnu++0x";
				CLANG_CXX_LIBRARY = "libc++";
				CLANG_ENABLE_MODULES = YES;
				CLANG_ENABLE_OBJC_ARC = YES;
				CLANG_WARN_BOOL_CONVERSION = YES;
				CLANG_WARN_CONSTANT_CONVERSION = YES;
				CLANG_WARN_DIRECT_OBJC_ISA_USAGE = YES_ERROR;
				CLANG_WARN_EMPTY_BODY = YES;
				CLANG_WARN_ENUM_CONVERSION = YES;
				CLANG_WARN_INT_CONVERSION = YES;
				CLANG_WARN_OBJC_ROOT_CLASS = YES_ERROR;
				CLANG_WARN_UNREACHABLE_CODE = YES;
				CLANG_WARN__DUPLICATE_METHOD_MATCH = YES;
				"CODE_SIGN_IDENTITY[sdk=iphoneos*]" = "iPhone Developer";
				COPY_PHASE_STRIP = NO;
				DEBUG_INFORMATION_FORMAT = "dwarf-with-dsym";
				ENABLE_NS_ASSERTIONS = NO;
				ENABLE_STRICT_OBJC_MSGSEND = YES;
				GCC_C_LANGUAGE_STANDARD = gnu99;
				GCC_NO_COMMON_BLOCKS = YES;
				GCC_WARN_64_TO_32_BIT_CONVERSION = YES;
				GCC_WARN_ABOUT_RETURN_TYPE = YES_ERROR;
				GCC_WARN_UNDECLARED_SELECTOR = YES;
				GCC_WARN_UNINITIALIZED_AUTOS = YES_AGGRESSIVE;
				GCC_WARN_UNUSED_FUNCTION = YES;
				GCC_WARN_UNUSED_VARIABLE = YES;
				IPHONEOS_DEPLOYMENT_TARGET = 9.0;
				MTL_ENABLE_DEBUG_INFO = NO;
				SDKROOT = iphoneos;
				VALIDATE_PRODUCT = YES;
			};
			name = Release;
		};
		583807E41BA7780A00E4939B /* Debug */ = {
			isa = XCBuildConfiguration;
			buildSettings = {
				ASSETCATALOG_COMPILER_APPICON_NAME = AppIcon;
				INFOPLIST_FILE = imaginaryAnimalsLister/Info.plist;
				LD_RUNPATH_SEARCH_PATHS = "$(inherited) @executable_path/Frameworks";
				PRODUCT_BUNDLE_IDENTIFIER = com.example.imaginaryAnimalsLister;
				PRODUCT_NAME = "$(TARGET_NAME)";
			};
			name = Debug;
		};
		583807E51BA7780A00E4939B /* Release */ = {
			isa = XCBuildConfiguration;
			buildSettings = {
				ASSETCATALOG_COMPILER_APPICON_NAME = AppIcon;
				INFOPLIST_FILE = imaginaryAnimalsLister/Info.plist;
				LD_RUNPATH_SEARCH_PATHS = "$(inherited) @executable_path/Frameworks";
				PRODUCT_BUNDLE_IDENTIFIER = com.example.imaginaryAnimalsLister;
				PRODUCT_NAME = "$(TARGET_NAME)";
			};
			name = Release;
		};
		583807E71BA7780A00E4939B /* Debug */ = {
			isa = XCBuildConfiguration;
			buildSettings = {
				BUNDLE_LOADER = "$(TEST_HOST)";
				INFOPLIST_FILE = imaginaryAnimalsListerTests/Info.plist;
				LD_RUNPATH_SEARCH_PATHS = "$(inherited) @executable_path/Frameworks @loader_path/Frameworks";
				PRODUCT_BUNDLE_IDENTIFIER = com.example.imaginaryAnimalsListerTests;
				PRODUCT_NAME = "$(TARGET_NAME)";
				TEST_HOST = "$(BUILT_PRODUCTS_DIR)/imaginaryAnimalsLister.app/imaginaryAnimalsLister";
			};
			name = Debug;
		};
		583807E81BA7780A00E4939B /* Release */ = {
			isa = XCBuildConfiguration;
			buildSettings = {
				BUNDLE_LOADER = "$(TEST_HOST)";
				INFOPLIST_FILE = imaginaryAnimalsListerTests/Info.plist;
				LD_RUNPATH_SEARCH_PATHS = "$(inherited) @executable_path/Frameworks @loader_path/Frameworks";
				PRODUCT_BUNDLE_IDENTIFIER = com.example.imaginaryAnimalsListerTests;
				PRODUCT_NAME = "$(TARGET_NAME)";
				TEST_HOST = "$(BUILT_PRODUCTS_DIR)/imaginaryAnimalsLister.app/imaginaryAnimalsLister";
			};
			name = Release;
		};
/* End XCBuildConfiguration section */

/* Begin XCConfigurationList section */
		583807C11BA7780A00E4939B /* Build configuration list for PBXProject "imaginaryAnimalsLister" */ = {
			isa = XCConfigurationList;
			buildConfigurations = (
				583807E11BA7780A00E4939B /* Debug */,
				583807E21BA7780A00E4939B /* Release */,
			);
			defaultConfigurationIsVisible = 0;
			defaultConfigurationName = Release;
		};
		583807E31BA7780A00E4939B /* Build configuration list for PBXNativeTarget "imaginaryAnimalsLister" */ = {
			isa = XCConfigurationList;
			buildConfigurations = (
				583807E41BA7780A00E4939B /* Debug */,
				583807E51BA7780A00E4939B /* Release */,
			);
			defaultConfigurationIsVisible = 0;
			defaultConfigurationName = Release;
		};
		583807E61BA7780A00E4939B /* Build configuration list for PBXNativeTarget "imaginaryAnimalsListerTests" */ = {
			isa = XCConfigurationList;
			buildConfigurations = (
				583807E71BA7780A00E4939B /* Debug */,
				583807E81BA7780A00E4939B /* Release */,
			);
			defaultConfigurationIsVisible = 0;
			defaultConfigurationName = Release;
		};
/* End XCConfigurationList section */
	};
	rootObject = 583807BE1BA7780A00E4939B /* Project object */;
}
